
Microsoft Visual Studio Solution File, Format Version 12.00
# Visual Studio Version 17
VisualStudioVersion = 17.12.35707.178 d17.12
MinimumVisualStudioVersion = 10.0.40219.1
Project("{FAE04EC0-301F-11D3-BF4B-00C04F79EFBC}") = "Smart Kachan bot", "Smart Kachan bot\Smart Kachan bot.csproj", "{C5FD6EF2-6816-4649-BBF2-917013E9A39C}"
EndProject
Global
	GlobalSection(SolutionConfigurationPlatforms) = preSolution
		Debug|Any CPU = Debug|Any CPU
		Release|Any CPU = Release|Any CPU
	EndGlobalSection
	GlobalSection(ProjectConfigurationPlatforms) = postSolution
		{C5FD6EF2-6816-4649-BBF2-917013E9A39C}.Debug|Any CPU.ActiveCfg = Debug|Any CPU
		{C5FD6EF2-6816-4649-BBF2-917013E9A39C}.Debug|Any CPU.Build.0 = Debug|Any CPU
		{C5FD6EF2-6816-4649-BBF2-917013E9A39C}.Release|Any CPU.ActiveCfg = Release|Any CPU
		{C5FD6EF2-6816-4649-BBF2-917013E9A39C}.Release|Any CPU.Build.0 = Release|Any CPU
	EndGlobalSection
	GlobalSection(SolutionProperties) = preSolution
		HideSolutionNode = FALSE
	EndGlobalSection
EndGlobal
